
Microsoft Visual Studio Solution File, Format Version 12.00
Project("{FAE04EC0-301F-11D3-BF4B-00C04F79EFBC}") = "ApiThrottle", "ApiThrottle\ApiThrottle.csproj", "{A8358E95-56F1-4BA9-AE9D-E5492BA1655B}"
EndProject
Project("{FAE04EC0-301F-11D3-BF4B-00C04F79EFBC}") = "DemoApp", "DemoApp\DemoApp.csproj", "{F498A14E-1083-412B-8F04-0E2D6FF822D7}"
EndProject
Global
	GlobalSection(SolutionConfigurationPlatforms) = preSolution
		Debug|Any CPU = Debug|Any CPU
		Release|Any CPU = Release|Any CPU
	EndGlobalSection
	GlobalSection(ProjectConfigurationPlatforms) = postSolution
		{A8358E95-56F1-4BA9-AE9D-E5492BA1655B}.Debug|Any CPU.ActiveCfg = Debug|Any CPU
		{A8358E95-56F1-4BA9-AE9D-E5492BA1655B}.Debug|Any CPU.Build.0 = Debug|Any CPU
		{A8358E95-56F1-4BA9-AE9D-E5492BA1655B}.Release|Any CPU.ActiveCfg = Release|Any CPU
		{A8358E95-56F1-4BA9-AE9D-E5492BA1655B}.Release|Any CPU.Build.0 = Release|Any CPU
		{F498A14E-1083-412B-8F04-0E2D6FF822D7}.Debug|Any CPU.ActiveCfg = Debug|Any CPU
		{F498A14E-1083-412B-8F04-0E2D6FF822D7}.Debug|Any CPU.Build.0 = Debug|Any CPU
		{F498A14E-1083-412B-8F04-0E2D6FF822D7}.Release|Any CPU.ActiveCfg = Release|Any CPU
		{F498A14E-1083-412B-8F04-0E2D6FF822D7}.Release|Any CPU.Build.0 = Release|Any CPU
	EndGlobalSection
EndGlobal
